
Microsoft Visual Studio Solution File, Format Version 12.00
Project("{2150E333-8FDC-42A3-9474-1A3956D46DE8}") = "Solution Items", "Solution Items", "{741A4BA1-4231-482A-ADE9-C22416149420}"
	ProjectSection(SolutionItems) = preProject
		.dockerignore = .dockerignore
		.gitignore = .gitignore
		docker-compose.override.yml = docker-compose.override.yml
		docker-compose.yml = docker-compose.yml
		Dockerfile = Dockerfile
		global.json = global.json
		README.md = README.md
		Microservice_communication.MD = Microservice_communication.MD
	EndProjectSection
EndProject
Project("{2150E333-8FDC-42A3-9474-1A3956D46DE8}") = "src", "src", "{F80688A3-DD06-434A-8C50-64EEEAAD5FB1}"
EndProject
Project("{2150E333-8FDC-42A3-9474-1A3956D46DE8}") = "Services", "Services", "{D4E66756-597C-47A7-82D4-B61557F1E8C2}"
EndProject
Project("{2150E333-8FDC-42A3-9474-1A3956D46DE8}") = "WebApps", "WebApps", "{771EDB49-97BF-415C-A8A1-E0D274999D78}"
EndProject
Project("{2150E333-8FDC-42A3-9474-1A3956D46DE8}") = "BuildingBlocks", "BuildingBlocks", "{3FBA00C0-FD4D-4869-ABE5-ED1690333990}"
EndProject
Project("{2150E333-8FDC-42A3-9474-1A3956D46DE8}") = "ApiGateways", "ApiGateways", "{F40B6120-15EF-4337-A0F3-53A6EE589DD9}"
EndProject
Project("{2150E333-8FDC-42A3-9474-1A3956D46DE8}") = "Bff", "Bff", "{8061495A-A329-4789-B680-9BEF7D25B1C9}"
EndProject
Project("{FAE04EC0-301F-11D3-BF4B-00C04F79EFBC}") = "Ocelot.ApiGateways", "src\ApiGateways\Ocelot.ApiGateways\Ocelot.ApiGateways.csproj", "{927FEB10-C987-43C0-83BE-CDA88805EBBD}"
EndProject
Project("{FAE04EC0-301F-11D3-BF4B-00C04F79EFBC}") = "_.Web.Bff", "src\Bff\_.Web.Bff\_.Web.Bff.csproj", "{4334FAD3-23CA-4E0D-8C07-E3A34B5AB44A}"
EndProject
Project("{2150E333-8FDC-42A3-9474-1A3956D46DE8}") = "Crawler", "Crawler", "{DA6FD250-4E16-4012-B4DC-DF60E1E80063}"
EndProject
Project("{2150E333-8FDC-42A3-9474-1A3956D46DE8}") = "Catalog", "Catalog", "{E3297281-B184-473F-8F91-4A5624D24BB5}"
EndProject
Project("{2150E333-8FDC-42A3-9474-1A3956D46DE8}") = "ScheduledJob", "ScheduledJob", "{B96E8A01-4060-4506-A8E6-F013418C7AB6}"
EndProject
Project("{2150E333-8FDC-42A3-9474-1A3956D46DE8}") = "Inventory", "Inventory", "{E4BAEF4C-169F-4DEB-81C1-F4F906633061}"
EndProject
Project("{2150E333-8FDC-42A3-9474-1A3956D46DE8}") = "Ordering", "Ordering", "{886FBB29-6435-4066-A111-3A1F676019D4}"
EndProject
Project("{2150E333-8FDC-42A3-9474-1A3956D46DE8}") = "Basket", "Basket", "{72B1CB32-A123-4C91-9B1C-D208F41B99BE}"
EndProject
Project("{FAE04EC0-301F-11D3-BF4B-00C04F79EFBC}") = "Catalog.API", "src\Services\Catalog\Catalog.API\Catalog.API.csproj", "{3A6F9C2E-472B-4B57-B386-5F8AC6217856}"
EndProject
Project("{FAE04EC0-301F-11D3-BF4B-00C04F79EFBC}") = "Crawler.API", "src\Services\Crawler\Crawler.API\Crawler.API.csproj", "{FD65639F-28F7-47EE-A678-ED3429E107D1}"
EndProject
Project("{FAE04EC0-301F-11D3-BF4B-00C04F79EFBC}") = "Ordering.API", "src\Services\Ordering\Ordering.API\Ordering.API.csproj", "{342FF6E8-64CB-44B4-9013-5EE743C5ECBF}"
EndProject
Project("{FAE04EC0-301F-11D3-BF4B-00C04F79EFBC}") = "Hangfire.API", "src\Services\ScheduledJob\Hangfire.API\Hangfire.API.csproj", "{C5258CE4-CC29-474C-85B5-26811691DF2F}"
EndProject
Project("{FAE04EC0-301F-11D3-BF4B-00C04F79EFBC}") = "Ordering.Application", "src\Services\Ordering\Ordering.Application\Ordering.Application.csproj", "{339E6131-97F2-4F0D-81AD-A297629C4582}"
EndProject
Project("{FAE04EC0-301F-11D3-BF4B-00C04F79EFBC}") = "Ordering.Infrastructure", "src\Services\Ordering\Ordering.Infrastructure\Ordering.Infrastructure.csproj", "{2C5E1A5A-65EC-4E27-AAC7-7A52D0A7181A}"
EndProject
Project("{FAE04EC0-301F-11D3-BF4B-00C04F79EFBC}") = "Ordering.Domain", "src\Services\Ordering\Ordering.Domain\Ordering.Domain.csproj", "{2A1D28A0-EA6D-4056-B630-E2A02BA94A00}"
EndProject
Project("{FAE04EC0-301F-11D3-BF4B-00C04F79EFBC}") = "WebHealthStatus", "src\WebApps\WebHealthStatus\WebHealthStatus.csproj", "{2A9300E1-CB96-421C-931A-B6FBD579F4CA}"
EndProject
Project("{2150E333-8FDC-42A3-9474-1A3956D46DE8}") = "docs", "docs", "{CF7D5B5D-E5CC-4167-8DC1-5360879B5FB8}"
EndProject
Project("{2150E333-8FDC-42A3-9474-1A3956D46DE8}") = "requests", "requests", "{AF82696A-8607-40E9-80B5-7BC168E51792}"
EndProject
Project("{2150E333-8FDC-42A3-9474-1A3956D46DE8}") = "tests", "tests", "{AE5405FA-76EE-40AA-9D0F-8F56FE197D61}"
EndProject
Project("{FAE04EC0-301F-11D3-BF4B-00C04F79EFBC}") = "Common.Logging", "src\BuildingBlocks\Common.Logging\Common.Logging.csproj", "{45E753D4-46D1-4949-B91B-C06B63C369F7}"
EndProject
Project("{FAE04EC0-301F-11D3-BF4B-00C04F79EFBC}") = "Basket.API", "src\Services\Basket\Basket.API\Basket.API.csproj", "{7261F3F8-7018-4896-A2DB-6ABF31445143}"
EndProject
Project("{FAE04EC0-301F-11D3-BF4B-00C04F79EFBC}") = "Inventory.Catalog.API", "src\Services\Inventory\Inventory.Catalog.API\Inventory.Catalog.API.csproj", "{787554B1-23CE-4357-9855-BB90729BA1D9}"
EndProject
Project("{FAE04EC0-301F-11D3-BF4B-00C04F79EFBC}") = "requests", "requests\requests\requests.csproj", "{D6AD31C1-48E2-45B7-B819-E5C4244FD139}"
EndProject
Project("{FAE04EC0-301F-11D3-BF4B-00C04F79EFBC}") = "dockers", "docs\dockers\dockers.csproj", "{290F1D16-35B9-4137-B9C3-93714DD28261}"
EndProject
Project("{FAE04EC0-301F-11D3-BF4B-00C04F79EFBC}") = "test-catalog", "tests\test-catalog\test-catalog.csproj", "{76429829-24A2-46A4-9CFB-E67972E4AC75}"
EndProject
Project("{FAE04EC0-301F-11D3-BF4B-00C04F79EFBC}") = "Contracts", "src\BuildingBlocks\Contracts\Contracts.csproj", "{1CCE24DC-A959-466F-9353-F4FDA5890016}"
EndProject
Project("{FAE04EC0-301F-11D3-BF4B-00C04F79EFBC}") = "Infrastructure", "src\BuildingBlocks\Infrastructure\Infrastructure.csproj", "{3DEB7DFB-743D-479C-B35F-6B92F245D275}"
EndProject
Project("{FAE04EC0-301F-11D3-BF4B-00C04F79EFBC}") = "Shared", "src\BuildingBlocks\Shared\Shared.csproj", "{EE17333C-A4A6-4870-9908-A0058D6CF571}"
EndProject
Project("{2150E333-8FDC-42A3-9474-1A3956D46DE8}") = "Customer", "Customer", "{1912C464-94D7-46C3-A284-2690C5B80B2A}"
EndProject
Project("{FAE04EC0-301F-11D3-BF4B-00C04F79EFBC}") = "Customer.API", "src\Services\Customer\Customer.API\Customer.API.csproj", "{DEE32864-FF3E-42C1-AE8C-0DC5D29255D6}"
EndProject
Project("{2150E333-8FDC-42A3-9474-1A3956D46DE8}") = "EventBus", "EventBus", "{719190E8-7DAD-429D-8E47-EEF9CC77F4FF}"
EndProject
Project("{FAE04EC0-301F-11D3-BF4B-00C04F79EFBC}") = "EventBus.Messages", "src\BuildingBlocks\EventBus\EventBus.Messages\EventBus.Messages.csproj", "{F703A143-26E1-4AD7-A45E-FBE087B9FB82}"
EndProject
Global
	GlobalSection(SolutionConfigurationPlatforms) = preSolution
		Debug|Any CPU = Debug|Any CPU
		Release|Any CPU = Release|Any CPU
	EndGlobalSection
	GlobalSection(NestedProjects) = preSolution
		{D4E66756-597C-47A7-82D4-B61557F1E8C2} = {F80688A3-DD06-434A-8C50-64EEEAAD5FB1}
		{771EDB49-97BF-415C-A8A1-E0D274999D78} = {F80688A3-DD06-434A-8C50-64EEEAAD5FB1}
		{3FBA00C0-FD4D-4869-ABE5-ED1690333990} = {F80688A3-DD06-434A-8C50-64EEEAAD5FB1}
		{F40B6120-15EF-4337-A0F3-53A6EE589DD9} = {F80688A3-DD06-434A-8C50-64EEEAAD5FB1}
		{8061495A-A329-4789-B680-9BEF7D25B1C9} = {F80688A3-DD06-434A-8C50-64EEEAAD5FB1}
		{927FEB10-C987-43C0-83BE-CDA88805EBBD} = {F40B6120-15EF-4337-A0F3-53A6EE589DD9}
		{4334FAD3-23CA-4E0D-8C07-E3A34B5AB44A} = {8061495A-A329-4789-B680-9BEF7D25B1C9}
		{DA6FD250-4E16-4012-B4DC-DF60E1E80063} = {D4E66756-597C-47A7-82D4-B61557F1E8C2}
		{E3297281-B184-473F-8F91-4A5624D24BB5} = {D4E66756-597C-47A7-82D4-B61557F1E8C2}
		{B96E8A01-4060-4506-A8E6-F013418C7AB6} = {D4E66756-597C-47A7-82D4-B61557F1E8C2}
		{E4BAEF4C-169F-4DEB-81C1-F4F906633061} = {D4E66756-597C-47A7-82D4-B61557F1E8C2}
		{886FBB29-6435-4066-A111-3A1F676019D4} = {D4E66756-597C-47A7-82D4-B61557F1E8C2}
		{72B1CB32-A123-4C91-9B1C-D208F41B99BE} = {D4E66756-597C-47A7-82D4-B61557F1E8C2}
		{3A6F9C2E-472B-4B57-B386-5F8AC6217856} = {E3297281-B184-473F-8F91-4A5624D24BB5}
		{FD65639F-28F7-47EE-A678-ED3429E107D1} = {DA6FD250-4E16-4012-B4DC-DF60E1E80063}
		{342FF6E8-64CB-44B4-9013-5EE743C5ECBF} = {886FBB29-6435-4066-A111-3A1F676019D4}
		{C5258CE4-CC29-474C-85B5-26811691DF2F} = {B96E8A01-4060-4506-A8E6-F013418C7AB6}
		{339E6131-97F2-4F0D-81AD-A297629C4582} = {886FBB29-6435-4066-A111-3A1F676019D4}
		{2C5E1A5A-65EC-4E27-AAC7-7A52D0A7181A} = {886FBB29-6435-4066-A111-3A1F676019D4}
		{2A1D28A0-EA6D-4056-B630-E2A02BA94A00} = {886FBB29-6435-4066-A111-3A1F676019D4}
		{2A9300E1-CB96-421C-931A-B6FBD579F4CA} = {771EDB49-97BF-415C-A8A1-E0D274999D78}
		{45E753D4-46D1-4949-B91B-C06B63C369F7} = {3FBA00C0-FD4D-4869-ABE5-ED1690333990}
		{7261F3F8-7018-4896-A2DB-6ABF31445143} = {72B1CB32-A123-4C91-9B1C-D208F41B99BE}
		{787554B1-23CE-4357-9855-BB90729BA1D9} = {E4BAEF4C-169F-4DEB-81C1-F4F906633061}
		{D6AD31C1-48E2-45B7-B819-E5C4244FD139} = {AF82696A-8607-40E9-80B5-7BC168E51792}
		{290F1D16-35B9-4137-B9C3-93714DD28261} = {CF7D5B5D-E5CC-4167-8DC1-5360879B5FB8}
		{76429829-24A2-46A4-9CFB-E67972E4AC75} = {AE5405FA-76EE-40AA-9D0F-8F56FE197D61}
		{1CCE24DC-A959-466F-9353-F4FDA5890016} = {3FBA00C0-FD4D-4869-ABE5-ED1690333990}
		{3DEB7DFB-743D-479C-B35F-6B92F245D275} = {3FBA00C0-FD4D-4869-ABE5-ED1690333990}
		{EE17333C-A4A6-4870-9908-A0058D6CF571} = {3FBA00C0-FD4D-4869-ABE5-ED1690333990}
		{1912C464-94D7-46C3-A284-2690C5B80B2A} = {D4E66756-597C-47A7-82D4-B61557F1E8C2}
		{DEE32864-FF3E-42C1-AE8C-0DC5D29255D6} = {1912C464-94D7-46C3-A284-2690C5B80B2A}
		{719190E8-7DAD-429D-8E47-EEF9CC77F4FF} = {3FBA00C0-FD4D-4869-ABE5-ED1690333990}
		{F703A143-26E1-4AD7-A45E-FBE087B9FB82} = {719190E8-7DAD-429D-8E47-EEF9CC77F4FF}
	EndGlobalSection
	GlobalSection(ProjectConfigurationPlatforms) = postSolution
		{927FEB10-C987-43C0-83BE-CDA88805EBBD}.Debug|Any CPU.ActiveCfg = Debug|Any CPU
		{927FEB10-C987-43C0-83BE-CDA88805EBBD}.Debug|Any CPU.Build.0 = Debug|Any CPU
		{927FEB10-C987-43C0-83BE-CDA88805EBBD}.Release|Any CPU.ActiveCfg = Release|Any CPU
		{927FEB10-C987-43C0-83BE-CDA88805EBBD}.Release|Any CPU.Build.0 = Release|Any CPU
		{4334FAD3-23CA-4E0D-8C07-E3A34B5AB44A}.Debug|Any CPU.ActiveCfg = Debug|Any CPU
		{4334FAD3-23CA-4E0D-8C07-E3A34B5AB44A}.Debug|Any CPU.Build.0 = Debug|Any CPU
		{4334FAD3-23CA-4E0D-8C07-E3A34B5AB44A}.Release|Any CPU.ActiveCfg = Release|Any CPU
		{4334FAD3-23CA-4E0D-8C07-E3A34B5AB44A}.Release|Any CPU.Build.0 = Release|Any CPU
		{3A6F9C2E-472B-4B57-B386-5F8AC6217856}.Debug|Any CPU.ActiveCfg = Debug|Any CPU
		{3A6F9C2E-472B-4B57-B386-5F8AC6217856}.Debug|Any CPU.Build.0 = Debug|Any CPU
		{3A6F9C2E-472B-4B57-B386-5F8AC6217856}.Release|Any CPU.ActiveCfg = Release|Any CPU
		{3A6F9C2E-472B-4B57-B386-5F8AC6217856}.Release|Any CPU.Build.0 = Release|Any CPU
		{FD65639F-28F7-47EE-A678-ED3429E107D1}.Debug|Any CPU.ActiveCfg = Debug|Any CPU
		{FD65639F-28F7-47EE-A678-ED3429E107D1}.Debug|Any CPU.Build.0 = Debug|Any CPU
		{FD65639F-28F7-47EE-A678-ED3429E107D1}.Release|Any CPU.ActiveCfg = Release|Any CPU
		{FD65639F-28F7-47EE-A678-ED3429E107D1}.Release|Any CPU.Build.0 = Release|Any CPU
		{342FF6E8-64CB-44B4-9013-5EE743C5ECBF}.Debug|Any CPU.ActiveCfg = Debug|Any CPU
		{342FF6E8-64CB-44B4-9013-5EE743C5ECBF}.Debug|Any CPU.Build.0 = Debug|Any CPU
		{342FF6E8-64CB-44B4-9013-5EE743C5ECBF}.Release|Any CPU.ActiveCfg = Release|Any CPU
		{342FF6E8-64CB-44B4-9013-5EE743C5ECBF}.Release|Any CPU.Build.0 = Release|Any CPU
		{C5258CE4-CC29-474C-85B5-26811691DF2F}.Debug|Any CPU.ActiveCfg = Debug|Any CPU
		{C5258CE4-CC29-474C-85B5-26811691DF2F}.Debug|Any CPU.Build.0 = Debug|Any CPU
		{C5258CE4-CC29-474C-85B5-26811691DF2F}.Release|Any CPU.ActiveCfg = Release|Any CPU
		{C5258CE4-CC29-474C-85B5-26811691DF2F}.Release|Any CPU.Build.0 = Release|Any CPU
		{339E6131-97F2-4F0D-81AD-A297629C4582}.Debug|Any CPU.ActiveCfg = Debug|Any CPU
		{339E6131-97F2-4F0D-81AD-A297629C4582}.Debug|Any CPU.Build.0 = Debug|Any CPU
		{339E6131-97F2-4F0D-81AD-A297629C4582}.Release|Any CPU.ActiveCfg = Release|Any CPU
		{339E6131-97F2-4F0D-81AD-A297629C4582}.Release|Any CPU.Build.0 = Release|Any CPU
		{2C5E1A5A-65EC-4E27-AAC7-7A52D0A7181A}.Debug|Any CPU.ActiveCfg = Debug|Any CPU
		{2C5E1A5A-65EC-4E27-AAC7-7A52D0A7181A}.Debug|Any CPU.Build.0 = Debug|Any CPU
		{2C5E1A5A-65EC-4E27-AAC7-7A52D0A7181A}.Release|Any CPU.ActiveCfg = Release|Any CPU
		{2C5E1A5A-65EC-4E27-AAC7-7A52D0A7181A}.Release|Any CPU.Build.0 = Release|Any CPU
		{2A1D28A0-EA6D-4056-B630-E2A02BA94A00}.Debug|Any CPU.ActiveCfg = Debug|Any CPU
		{2A1D28A0-EA6D-4056-B630-E2A02BA94A00}.Debug|Any CPU.Build.0 = Debug|Any CPU
		{2A1D28A0-EA6D-4056-B630-E2A02BA94A00}.Release|Any CPU.ActiveCfg = Release|Any CPU
		{2A1D28A0-EA6D-4056-B630-E2A02BA94A00}.Release|Any CPU.Build.0 = Release|Any CPU
		{2A9300E1-CB96-421C-931A-B6FBD579F4CA}.Debug|Any CPU.ActiveCfg = Debug|Any CPU
		{2A9300E1-CB96-421C-931A-B6FBD579F4CA}.Debug|Any CPU.Build.0 = Debug|Any CPU
		{2A9300E1-CB96-421C-931A-B6FBD579F4CA}.Release|Any CPU.ActiveCfg = Release|Any CPU
		{2A9300E1-CB96-421C-931A-B6FBD579F4CA}.Release|Any CPU.Build.0 = Release|Any CPU
		{45E753D4-46D1-4949-B91B-C06B63C369F7}.Debug|Any CPU.ActiveCfg = Debug|Any CPU
		{45E753D4-46D1-4949-B91B-C06B63C369F7}.Debug|Any CPU.Build.0 = Debug|Any CPU
		{45E753D4-46D1-4949-B91B-C06B63C369F7}.Release|Any CPU.ActiveCfg = Release|Any CPU
		{45E753D4-46D1-4949-B91B-C06B63C369F7}.Release|Any CPU.Build.0 = Release|Any CPU
		{7261F3F8-7018-4896-A2DB-6ABF31445143}.Debug|Any CPU.ActiveCfg = Debug|Any CPU
		{7261F3F8-7018-4896-A2DB-6ABF31445143}.Debug|Any CPU.Build.0 = Debug|Any CPU
		{7261F3F8-7018-4896-A2DB-6ABF31445143}.Release|Any CPU.ActiveCfg = Release|Any CPU
		{7261F3F8-7018-4896-A2DB-6ABF31445143}.Release|Any CPU.Build.0 = Release|Any CPU
		{787554B1-23CE-4357-9855-BB90729BA1D9}.Debug|Any CPU.ActiveCfg = Debug|Any CPU
		{787554B1-23CE-4357-9855-BB90729BA1D9}.Debug|Any CPU.Build.0 = Debug|Any CPU
		{787554B1-23CE-4357-9855-BB90729BA1D9}.Release|Any CPU.ActiveCfg = Release|Any CPU
		{787554B1-23CE-4357-9855-BB90729BA1D9}.Release|Any CPU.Build.0 = Release|Any CPU
		{D6AD31C1-48E2-45B7-B819-E5C4244FD139}.Debug|Any CPU.ActiveCfg = Debug|Any CPU
		{D6AD31C1-48E2-45B7-B819-E5C4244FD139}.Debug|Any CPU.Build.0 = Debug|Any CPU
		{D6AD31C1-48E2-45B7-B819-E5C4244FD139}.Release|Any CPU.ActiveCfg = Release|Any CPU
		{D6AD31C1-48E2-45B7-B819-E5C4244FD139}.Release|Any CPU.Build.0 = Release|Any CPU
		{290F1D16-35B9-4137-B9C3-93714DD28261}.Debug|Any CPU.ActiveCfg = Debug|Any CPU
		{290F1D16-35B9-4137-B9C3-93714DD28261}.Debug|Any CPU.Build.0 = Debug|Any CPU
		{290F1D16-35B9-4137-B9C3-93714DD28261}.Release|Any CPU.ActiveCfg = Release|Any CPU
		{290F1D16-35B9-4137-B9C3-93714DD28261}.Release|Any CPU.Build.0 = Release|Any CPU
		{76429829-24A2-46A4-9CFB-E67972E4AC75}.Debug|Any CPU.ActiveCfg = Debug|Any CPU
		{76429829-24A2-46A4-9CFB-E67972E4AC75}.Debug|Any CPU.Build.0 = Debug|Any CPU
		{76429829-24A2-46A4-9CFB-E67972E4AC75}.Release|Any CPU.ActiveCfg = Release|Any CPU
		{76429829-24A2-46A4-9CFB-E67972E4AC75}.Release|Any CPU.Build.0 = Release|Any CPU
		{1CCE24DC-A959-466F-9353-F4FDA5890016}.Debug|Any CPU.ActiveCfg = Debug|Any CPU
		{1CCE24DC-A959-466F-9353-F4FDA5890016}.Debug|Any CPU.Build.0 = Debug|Any CPU
		{1CCE24DC-A959-466F-9353-F4FDA5890016}.Release|Any CPU.ActiveCfg = Release|Any CPU
		{1CCE24DC-A959-466F-9353-F4FDA5890016}.Release|Any CPU.Build.0 = Release|Any CPU
		{3DEB7DFB-743D-479C-B35F-6B92F245D275}.Debug|Any CPU.ActiveCfg = Debug|Any CPU
		{3DEB7DFB-743D-479C-B35F-6B92F245D275}.Debug|Any CPU.Build.0 = Debug|Any CPU
		{3DEB7DFB-743D-479C-B35F-6B92F245D275}.Release|Any CPU.ActiveCfg = Release|Any CPU
		{3DEB7DFB-743D-479C-B35F-6B92F245D275}.Release|Any CPU.Build.0 = Release|Any CPU
		{EE17333C-A4A6-4870-9908-A0058D6CF571}.Debug|Any CPU.ActiveCfg = Debug|Any CPU
		{EE17333C-A4A6-4870-9908-A0058D6CF571}.Debug|Any CPU.Build.0 = Debug|Any CPU
		{EE17333C-A4A6-4870-9908-A0058D6CF571}.Release|Any CPU.ActiveCfg = Release|Any CPU
		{EE17333C-A4A6-4870-9908-A0058D6CF571}.Release|Any CPU.Build.0 = Release|Any CPU
		{DEE32864-FF3E-42C1-AE8C-0DC5D29255D6}.Debug|Any CPU.ActiveCfg = Debug|Any CPU
		{DEE32864-FF3E-42C1-AE8C-0DC5D29255D6}.Debug|Any CPU.Build.0 = Debug|Any CPU
		{DEE32864-FF3E-42C1-AE8C-0DC5D29255D6}.Release|Any CPU.ActiveCfg = Release|Any CPU
		{DEE32864-FF3E-42C1-AE8C-0DC5D29255D6}.Release|Any CPU.Build.0 = Release|Any CPU
		{F703A143-26E1-4AD7-A45E-FBE087B9FB82}.Debug|Any CPU.ActiveCfg = Debug|Any CPU
		{F703A143-26E1-4AD7-A45E-FBE087B9FB82}.Debug|Any CPU.Build.0 = Debug|Any CPU
		{F703A143-26E1-4AD7-A45E-FBE087B9FB82}.Release|Any CPU.ActiveCfg = Release|Any CPU
		{F703A143-26E1-4AD7-A45E-FBE087B9FB82}.Release|Any CPU.Build.0 = Release|Any CPU
	EndGlobalSection
EndGlobal
