
Microsoft Visual Studio Solution File, Format Version 12.00
Project("{2150E333-8FDC-42A3-9474-1A3956D46DE8}") = "Solution Items", "Solution Items", "{F2765EC9-A229-4706-898F-B3986D520E95}"
	ProjectSection(SolutionItems) = preProject
		.gitignore = .gitignore
		global.json = global.json
		.dockerignore = .dockerignore
		docker-compose.override.yml = docker-compose.override.yml
		docker-compose.yml = docker-compose.yml
		Dockerfile = Dockerfile
		README.md = README.md
	EndProjectSection
EndProject
Project("{2150E333-8FDC-42A3-9474-1A3956D46DE8}") = "Src", "Src", "{FF6C0744-270C-48C9-8478-416543E59576}"
EndProject
Project("{2150E333-8FDC-42A3-9474-1A3956D46DE8}") = "Tests", "Tests", "{5B3DE5EE-6C74-4A9A-9B0C-BA3F109EA389}"
EndProject
Project("{2150E333-8FDC-42A3-9474-1A3956D46DE8}") = "BuildingBlocks", "BuildingBlocks", "{62B12B0F-6FA2-44C5-98D3-17630749D9F8}"
EndProject
Project("{2150E333-8FDC-42A3-9474-1A3956D46DE8}") = "Services", "Services", "{28E3F481-B153-4C6F-8749-26873BFC3B14}"
EndProject
Project("{FAE04EC0-301F-11D3-BF4B-00C04F79EFBC}") = "SharedKernel", "Src\BuildingBlocks\SharedKernel\SharedKernel.csproj", "{FE2895D7-7512-4B3A-B2EA-C801BDA21E8E}"
EndProject
Project("{FAE04EC0-301F-11D3-BF4B-00C04F79EFBC}") = "Caching", "Src\BuildingBlocks\Caching\Caching.csproj", "{B6BC39B1-8B9F-40B2-8A54-DB1E3E153739}"
EndProject
Project("{FAE04EC0-301F-11D3-BF4B-00C04F79EFBC}") = "Logging", "Src\BuildingBlocks\Logging\Logging.csproj", "{32B9492F-2893-48E7-BB5E-F9F9DFDC61E7}"
EndProject
Project("{2150E333-8FDC-42A3-9474-1A3956D46DE8}") = "Identity", "Identity", "{93B0DF9E-6C70-4530-A11F-93FE264771E5}"
EndProject
Project("{FAE04EC0-301F-11D3-BF4B-00C04F79EFBC}") = "Identity.Api", "Src\Services\Identity\Identity.Api\Identity.Api.csproj", "{249F7B8A-3BEC-415D-9A53-5672532E0DA9}"
EndProject
Project("{FAE04EC0-301F-11D3-BF4B-00C04F79EFBC}") = "Identity.Domain", "Src\Services\Identity\Identity.Domain\Identity.Domain.csproj", "{069DA662-A283-4EEC-8AC1-9B7153647350}"
EndProject
Project("{FAE04EC0-301F-11D3-BF4B-00C04F79EFBC}") = "Identity.Application", "Src\Services\Identity\Identity.Application\Identity.Application.csproj", "{22B6A7A0-EEE9-43E0-8C94-FFEF9141B93B}"
EndProject
Project("{FAE04EC0-301F-11D3-BF4B-00C04F79EFBC}") = "Identity.Infrastructure", "Src\Services\Identity\Identity.Infrastructure\Identity.Infrastructure.csproj", "{E0E04FF0-6DE4-4A21-A49B-732E664FFD75}"
EndProject
Project("{2150E333-8FDC-42A3-9474-1A3956D46DE8}") = "Notification", "Notification", "{369866A1-EB1F-4A5E-A94A-76ADA96E0D06}"
EndProject
Project("{FAE04EC0-301F-11D3-BF4B-00C04F79EFBC}") = "Notification", "Src\Services\Notification\Notification\Notification.csproj", "{6271D4D9-7A8B-41EC-A2E6-F3C250FF50DA}"
EndProject
Project("{FAE04EC0-301F-11D3-BF4B-00C04F79EFBC}") = "Notification.gRPC", "Src\Services\Notification\Notification.gRPC\Notification.gRPC.csproj", "{C0A22D3B-1663-4029-A650-08375C928E0B}"
EndProject
Project("{FAE04EC0-301F-11D3-BF4B-00C04F79EFBC}") = "MessageBroker.Abstractions", "Src\BuildingBlocks\MessageBroker.Abstractions\MessageBroker.Abstractions.csproj", "{4FBC2110-1A4D-4FA4-9501-66E93AEB00B5}"
EndProject
Project("{FAE04EC0-301F-11D3-BF4B-00C04F79EFBC}") = "MessageBroker.RabbitMQ", "Src\BuildingBlocks\MessageBroker.RabbitMQ\MessageBroker.RabbitMQ.csproj", "{F99275E1-3568-49E0-B5EA-E92ABB18F336}"
EndProject
Project("{FAE04EC0-301F-11D3-BF4B-00C04F79EFBC}") = "MessageBroker.MassTransitRabbitMQ", "Src\BuildingBlocks\MessageBroker.MassTransitRabbitMQ\MessageBroker.MassTransitRabbitMQ.csproj", "{7AD30E88-BE48-4D74-900B-3B11F508860A}"
EndProject
Project("{FAE04EC0-301F-11D3-BF4B-00C04F79EFBC}") = "IntegrationEventLogs", "Src\BuildingBlocks\IntegrationEventLogs\IntegrationEventLogs.csproj", "{860CBFAC-662B-46DE-A3E6-92E5935C55A8}"
EndProject
Project("{FAE04EC0-301F-11D3-BF4B-00C04F79EFBC}") = "SignalR", "Src\BuildingBlocks\SignalR\SignalR.csproj", "{0CFED206-C4E2-4AC6-8D29-02577DD4EFC6}"
EndProject
Global
	GlobalSection(SolutionConfigurationPlatforms) = preSolution
		Debug|Any CPU = Debug|Any CPU
		Release|Any CPU = Release|Any CPU
	EndGlobalSection
	GlobalSection(NestedProjects) = preSolution
		{62B12B0F-6FA2-44C5-98D3-17630749D9F8} = {FF6C0744-270C-48C9-8478-416543E59576}
		{28E3F481-B153-4C6F-8749-26873BFC3B14} = {FF6C0744-270C-48C9-8478-416543E59576}
		{FE2895D7-7512-4B3A-B2EA-C801BDA21E8E} = {62B12B0F-6FA2-44C5-98D3-17630749D9F8}
		{B6BC39B1-8B9F-40B2-8A54-DB1E3E153739} = {62B12B0F-6FA2-44C5-98D3-17630749D9F8}
		{32B9492F-2893-48E7-BB5E-F9F9DFDC61E7} = {62B12B0F-6FA2-44C5-98D3-17630749D9F8}
		{93B0DF9E-6C70-4530-A11F-93FE264771E5} = {28E3F481-B153-4C6F-8749-26873BFC3B14}
		{249F7B8A-3BEC-415D-9A53-5672532E0DA9} = {93B0DF9E-6C70-4530-A11F-93FE264771E5}
		{069DA662-A283-4EEC-8AC1-9B7153647350} = {93B0DF9E-6C70-4530-A11F-93FE264771E5}
		{22B6A7A0-EEE9-43E0-8C94-FFEF9141B93B} = {93B0DF9E-6C70-4530-A11F-93FE264771E5}
		{E0E04FF0-6DE4-4A21-A49B-732E664FFD75} = {93B0DF9E-6C70-4530-A11F-93FE264771E5}
		{369866A1-EB1F-4A5E-A94A-76ADA96E0D06} = {28E3F481-B153-4C6F-8749-26873BFC3B14}
		{6271D4D9-7A8B-41EC-A2E6-F3C250FF50DA} = {369866A1-EB1F-4A5E-A94A-76ADA96E0D06}
		{C0A22D3B-1663-4029-A650-08375C928E0B} = {369866A1-EB1F-4A5E-A94A-76ADA96E0D06}
		{4FBC2110-1A4D-4FA4-9501-66E93AEB00B5} = {62B12B0F-6FA2-44C5-98D3-17630749D9F8}
		{F99275E1-3568-49E0-B5EA-E92ABB18F336} = {62B12B0F-6FA2-44C5-98D3-17630749D9F8}
		{7AD30E88-BE48-4D74-900B-3B11F508860A} = {62B12B0F-6FA2-44C5-98D3-17630749D9F8}
		{860CBFAC-662B-46DE-A3E6-92E5935C55A8} = {62B12B0F-6FA2-44C5-98D3-17630749D9F8}
		{0CFED206-C4E2-4AC6-8D29-02577DD4EFC6} = {62B12B0F-6FA2-44C5-98D3-17630749D9F8}
	EndGlobalSection
	GlobalSection(ProjectConfigurationPlatforms) = postSolution
		{FE2895D7-7512-4B3A-B2EA-C801BDA21E8E}.Debug|Any CPU.ActiveCfg = Debug|Any CPU
		{FE2895D7-7512-4B3A-B2EA-C801BDA21E8E}.Debug|Any CPU.Build.0 = Debug|Any CPU
		{FE2895D7-7512-4B3A-B2EA-C801BDA21E8E}.Release|Any CPU.ActiveCfg = Release|Any CPU
		{FE2895D7-7512-4B3A-B2EA-C801BDA21E8E}.Release|Any CPU.Build.0 = Release|Any CPU
		{B6BC39B1-8B9F-40B2-8A54-DB1E3E153739}.Debug|Any CPU.ActiveCfg = Debug|Any CPU
		{B6BC39B1-8B9F-40B2-8A54-DB1E3E153739}.Debug|Any CPU.Build.0 = Debug|Any CPU
		{B6BC39B1-8B9F-40B2-8A54-DB1E3E153739}.Release|Any CPU.ActiveCfg = Release|Any CPU
		{B6BC39B1-8B9F-40B2-8A54-DB1E3E153739}.Release|Any CPU.Build.0 = Release|Any CPU
		{32B9492F-2893-48E7-BB5E-F9F9DFDC61E7}.Debug|Any CPU.ActiveCfg = Debug|Any CPU
		{32B9492F-2893-48E7-BB5E-F9F9DFDC61E7}.Debug|Any CPU.Build.0 = Debug|Any CPU
		{32B9492F-2893-48E7-BB5E-F9F9DFDC61E7}.Release|Any CPU.ActiveCfg = Release|Any CPU
		{32B9492F-2893-48E7-BB5E-F9F9DFDC61E7}.Release|Any CPU.Build.0 = Release|Any CPU
		{249F7B8A-3BEC-415D-9A53-5672532E0DA9}.Debug|Any CPU.ActiveCfg = Debug|Any CPU
		{249F7B8A-3BEC-415D-9A53-5672532E0DA9}.Debug|Any CPU.Build.0 = Debug|Any CPU
		{249F7B8A-3BEC-415D-9A53-5672532E0DA9}.Release|Any CPU.ActiveCfg = Release|Any CPU
		{249F7B8A-3BEC-415D-9A53-5672532E0DA9}.Release|Any CPU.Build.0 = Release|Any CPU
		{069DA662-A283-4EEC-8AC1-9B7153647350}.Debug|Any CPU.ActiveCfg = Debug|Any CPU
		{069DA662-A283-4EEC-8AC1-9B7153647350}.Debug|Any CPU.Build.0 = Debug|Any CPU
		{069DA662-A283-4EEC-8AC1-9B7153647350}.Release|Any CPU.ActiveCfg = Release|Any CPU
		{069DA662-A283-4EEC-8AC1-9B7153647350}.Release|Any CPU.Build.0 = Release|Any CPU
		{22B6A7A0-EEE9-43E0-8C94-FFEF9141B93B}.Debug|Any CPU.ActiveCfg = Debug|Any CPU
		{22B6A7A0-EEE9-43E0-8C94-FFEF9141B93B}.Debug|Any CPU.Build.0 = Debug|Any CPU
		{22B6A7A0-EEE9-43E0-8C94-FFEF9141B93B}.Release|Any CPU.ActiveCfg = Release|Any CPU
		{22B6A7A0-EEE9-43E0-8C94-FFEF9141B93B}.Release|Any CPU.Build.0 = Release|Any CPU
		{E0E04FF0-6DE4-4A21-A49B-732E664FFD75}.Debug|Any CPU.ActiveCfg = Debug|Any CPU
		{E0E04FF0-6DE4-4A21-A49B-732E664FFD75}.Debug|Any CPU.Build.0 = Debug|Any CPU
		{E0E04FF0-6DE4-4A21-A49B-732E664FFD75}.Release|Any CPU.ActiveCfg = Release|Any CPU
		{E0E04FF0-6DE4-4A21-A49B-732E664FFD75}.Release|Any CPU.Build.0 = Release|Any CPU
		{6271D4D9-7A8B-41EC-A2E6-F3C250FF50DA}.Debug|Any CPU.ActiveCfg = Debug|Any CPU
		{6271D4D9-7A8B-41EC-A2E6-F3C250FF50DA}.Debug|Any CPU.Build.0 = Debug|Any CPU
		{6271D4D9-7A8B-41EC-A2E6-F3C250FF50DA}.Release|Any CPU.ActiveCfg = Release|Any CPU
		{6271D4D9-7A8B-41EC-A2E6-F3C250FF50DA}.Release|Any CPU.Build.0 = Release|Any CPU
		{C0A22D3B-1663-4029-A650-08375C928E0B}.Debug|Any CPU.ActiveCfg = Debug|Any CPU
		{C0A22D3B-1663-4029-A650-08375C928E0B}.Debug|Any CPU.Build.0 = Debug|Any CPU
		{C0A22D3B-1663-4029-A650-08375C928E0B}.Release|Any CPU.ActiveCfg = Release|Any CPU
		{C0A22D3B-1663-4029-A650-08375C928E0B}.Release|Any CPU.Build.0 = Release|Any CPU
		{4FBC2110-1A4D-4FA4-9501-66E93AEB00B5}.Debug|Any CPU.ActiveCfg = Debug|Any CPU
		{4FBC2110-1A4D-4FA4-9501-66E93AEB00B5}.Debug|Any CPU.Build.0 = Debug|Any CPU
		{4FBC2110-1A4D-4FA4-9501-66E93AEB00B5}.Release|Any CPU.ActiveCfg = Release|Any CPU
		{4FBC2110-1A4D-4FA4-9501-66E93AEB00B5}.Release|Any CPU.Build.0 = Release|Any CPU
		{F99275E1-3568-49E0-B5EA-E92ABB18F336}.Debug|Any CPU.ActiveCfg = Debug|Any CPU
		{F99275E1-3568-49E0-B5EA-E92ABB18F336}.Debug|Any CPU.Build.0 = Debug|Any CPU
		{F99275E1-3568-49E0-B5EA-E92ABB18F336}.Release|Any CPU.ActiveCfg = Release|Any CPU
		{F99275E1-3568-49E0-B5EA-E92ABB18F336}.Release|Any CPU.Build.0 = Release|Any CPU
		{7AD30E88-BE48-4D74-900B-3B11F508860A}.Debug|Any CPU.ActiveCfg = Debug|Any CPU
		{7AD30E88-BE48-4D74-900B-3B11F508860A}.Debug|Any CPU.Build.0 = Debug|Any CPU
		{7AD30E88-BE48-4D74-900B-3B11F508860A}.Release|Any CPU.ActiveCfg = Release|Any CPU
		{7AD30E88-BE48-4D74-900B-3B11F508860A}.Release|Any CPU.Build.0 = Release|Any CPU
		{860CBFAC-662B-46DE-A3E6-92E5935C55A8}.Debug|Any CPU.ActiveCfg = Debug|Any CPU
		{860CBFAC-662B-46DE-A3E6-92E5935C55A8}.Debug|Any CPU.Build.0 = Debug|Any CPU
		{860CBFAC-662B-46DE-A3E6-92E5935C55A8}.Release|Any CPU.ActiveCfg = Release|Any CPU
		{860CBFAC-662B-46DE-A3E6-92E5935C55A8}.Release|Any CPU.Build.0 = Release|Any CPU
		{0CFED206-C4E2-4AC6-8D29-02577DD4EFC6}.Debug|Any CPU.ActiveCfg = Debug|Any CPU
		{0CFED206-C4E2-4AC6-8D29-02577DD4EFC6}.Debug|Any CPU.Build.0 = Debug|Any CPU
		{0CFED206-C4E2-4AC6-8D29-02577DD4EFC6}.Release|Any CPU.ActiveCfg = Release|Any CPU
		{0CFED206-C4E2-4AC6-8D29-02577DD4EFC6}.Release|Any CPU.Build.0 = Release|Any CPU
	EndGlobalSection
EndGlobal
