
Microsoft Visual Studio Solution File, Format Version 12.00
Project("{2150E333-8FDC-42A3-9474-1A3956D46DE8}") = "Solution Items", "Solution Items", "{F2765EC9-A229-4706-898F-B3986D520E95}"
	ProjectSection(SolutionItems) = preProject
		.gitignore = .gitignore
		global.json = global.json
	EndProjectSection
EndProject
Project("{2150E333-8FDC-42A3-9474-1A3956D46DE8}") = "Src", "Src", "{FF6C0744-270C-48C9-8478-416543E59576}"
EndProject
Project("{2150E333-8FDC-42A3-9474-1A3956D46DE8}") = "Tests", "Tests", "{5B3DE5EE-6C74-4A9A-9B0C-BA3F109EA389}"
EndProject
Project("{2150E333-8FDC-42A3-9474-1A3956D46DE8}") = "BuildingBlocks", "BuildingBlocks", "{62B12B0F-6FA2-44C5-98D3-17630749D9F8}"
EndProject
Project("{2150E333-8FDC-42A3-9474-1A3956D46DE8}") = "Services", "Services", "{28E3F481-B153-4C6F-8749-26873BFC3B14}"
EndProject
Project("{FAE04EC0-301F-11D3-BF4B-00C04F79EFBC}") = "SharedKernel", "Src\BuildingBlocks\SharedKernel\SharedKernel.csproj", "{FE2895D7-7512-4B3A-B2EA-C801BDA21E8E}"
EndProject
Project("{FAE04EC0-301F-11D3-BF4B-00C04F79EFBC}") = "Caching", "Src\BuildingBlocks\Caching\Caching.csproj", "{B6BC39B1-8B9F-40B2-8A54-DB1E3E153739}"
EndProject
Project("{FAE04EC0-301F-11D3-BF4B-00C04F79EFBC}") = "Logging", "Src\BuildingBlocks\Logging\Logging.csproj", "{32B9492F-2893-48E7-BB5E-F9F9DFDC61E7}"
EndProject
Project("{2150E333-8FDC-42A3-9474-1A3956D46DE8}") = "Identity", "Identity", "{F9793CAE-EC64-4187-ADC2-CB50FC799ABF}"
EndProject
Project("{FAE04EC0-301F-11D3-BF4B-00C04F79EFBC}") = "Identity.Domain", "Src\Services\Identity\Identity.Domain\Identity.Domain.csproj", "{6022F735-D07F-4764-9748-E5CD6FA2EC47}"
EndProject
Project("{FAE04EC0-301F-11D3-BF4B-00C04F79EFBC}") = "Identity.Application", "Src\Services\Identity\Identity.Application\Identity.Application.csproj", "{FBC92475-CE11-44E0-9D36-B06901F1C614}"
EndProject
Project("{FAE04EC0-301F-11D3-BF4B-00C04F79EFBC}") = "Identity.Infrastructure", "Src\Services\Identity\Identity.Infrastructure\Identity.Infrastructure.csproj", "{9B44AE2D-438F-4456-A477-75DF1090BA31}"
EndProject
Project("{FAE04EC0-301F-11D3-BF4B-00C04F79EFBC}") = "Identity.Api", "Src\Services\Identity\Identity.Api\Identity.Api.csproj", "{2CA4FF35-9E1C-44BD-9EDF-95EFCC330D36}"
EndProject
Global
	GlobalSection(SolutionConfigurationPlatforms) = preSolution
		Debug|Any CPU = Debug|Any CPU
		Release|Any CPU = Release|Any CPU
	EndGlobalSection
	GlobalSection(NestedProjects) = preSolution
		{62B12B0F-6FA2-44C5-98D3-17630749D9F8} = {FF6C0744-270C-48C9-8478-416543E59576}
		{28E3F481-B153-4C6F-8749-26873BFC3B14} = {FF6C0744-270C-48C9-8478-416543E59576}
		{FE2895D7-7512-4B3A-B2EA-C801BDA21E8E} = {62B12B0F-6FA2-44C5-98D3-17630749D9F8}
		{B6BC39B1-8B9F-40B2-8A54-DB1E3E153739} = {62B12B0F-6FA2-44C5-98D3-17630749D9F8}
		{32B9492F-2893-48E7-BB5E-F9F9DFDC61E7} = {62B12B0F-6FA2-44C5-98D3-17630749D9F8}
		{F9793CAE-EC64-4187-ADC2-CB50FC799ABF} = {28E3F481-B153-4C6F-8749-26873BFC3B14}
		{6022F735-D07F-4764-9748-E5CD6FA2EC47} = {F9793CAE-EC64-4187-ADC2-CB50FC799ABF}
		{FBC92475-CE11-44E0-9D36-B06901F1C614} = {F9793CAE-EC64-4187-ADC2-CB50FC799ABF}
		{9B44AE2D-438F-4456-A477-75DF1090BA31} = {F9793CAE-EC64-4187-ADC2-CB50FC799ABF}
		{2CA4FF35-9E1C-44BD-9EDF-95EFCC330D36} = {F9793CAE-EC64-4187-ADC2-CB50FC799ABF}
	EndGlobalSection
	GlobalSection(ProjectConfigurationPlatforms) = postSolution
		{FE2895D7-7512-4B3A-B2EA-C801BDA21E8E}.Debug|Any CPU.ActiveCfg = Debug|Any CPU
		{FE2895D7-7512-4B3A-B2EA-C801BDA21E8E}.Debug|Any CPU.Build.0 = Debug|Any CPU
		{FE2895D7-7512-4B3A-B2EA-C801BDA21E8E}.Release|Any CPU.ActiveCfg = Release|Any CPU
		{FE2895D7-7512-4B3A-B2EA-C801BDA21E8E}.Release|Any CPU.Build.0 = Release|Any CPU
		{B6BC39B1-8B9F-40B2-8A54-DB1E3E153739}.Debug|Any CPU.ActiveCfg = Debug|Any CPU
		{B6BC39B1-8B9F-40B2-8A54-DB1E3E153739}.Debug|Any CPU.Build.0 = Debug|Any CPU
		{B6BC39B1-8B9F-40B2-8A54-DB1E3E153739}.Release|Any CPU.ActiveCfg = Release|Any CPU
		{B6BC39B1-8B9F-40B2-8A54-DB1E3E153739}.Release|Any CPU.Build.0 = Release|Any CPU
		{32B9492F-2893-48E7-BB5E-F9F9DFDC61E7}.Debug|Any CPU.ActiveCfg = Debug|Any CPU
		{32B9492F-2893-48E7-BB5E-F9F9DFDC61E7}.Debug|Any CPU.Build.0 = Debug|Any CPU
		{32B9492F-2893-48E7-BB5E-F9F9DFDC61E7}.Release|Any CPU.ActiveCfg = Release|Any CPU
		{32B9492F-2893-48E7-BB5E-F9F9DFDC61E7}.Release|Any CPU.Build.0 = Release|Any CPU
		{6022F735-D07F-4764-9748-E5CD6FA2EC47}.Debug|Any CPU.ActiveCfg = Debug|Any CPU
		{6022F735-D07F-4764-9748-E5CD6FA2EC47}.Debug|Any CPU.Build.0 = Debug|Any CPU
		{6022F735-D07F-4764-9748-E5CD6FA2EC47}.Release|Any CPU.ActiveCfg = Release|Any CPU
		{6022F735-D07F-4764-9748-E5CD6FA2EC47}.Release|Any CPU.Build.0 = Release|Any CPU
		{FBC92475-CE11-44E0-9D36-B06901F1C614}.Debug|Any CPU.ActiveCfg = Debug|Any CPU
		{FBC92475-CE11-44E0-9D36-B06901F1C614}.Debug|Any CPU.Build.0 = Debug|Any CPU
		{FBC92475-CE11-44E0-9D36-B06901F1C614}.Release|Any CPU.ActiveCfg = Release|Any CPU
		{FBC92475-CE11-44E0-9D36-B06901F1C614}.Release|Any CPU.Build.0 = Release|Any CPU
		{9B44AE2D-438F-4456-A477-75DF1090BA31}.Debug|Any CPU.ActiveCfg = Debug|Any CPU
		{9B44AE2D-438F-4456-A477-75DF1090BA31}.Debug|Any CPU.Build.0 = Debug|Any CPU
		{9B44AE2D-438F-4456-A477-75DF1090BA31}.Release|Any CPU.ActiveCfg = Release|Any CPU
		{9B44AE2D-438F-4456-A477-75DF1090BA31}.Release|Any CPU.Build.0 = Release|Any CPU
		{2CA4FF35-9E1C-44BD-9EDF-95EFCC330D36}.Debug|Any CPU.ActiveCfg = Debug|Any CPU
		{2CA4FF35-9E1C-44BD-9EDF-95EFCC330D36}.Debug|Any CPU.Build.0 = Debug|Any CPU
		{2CA4FF35-9E1C-44BD-9EDF-95EFCC330D36}.Release|Any CPU.ActiveCfg = Release|Any CPU
		{2CA4FF35-9E1C-44BD-9EDF-95EFCC330D36}.Release|Any CPU.Build.0 = Release|Any CPU
	EndGlobalSection
EndGlobal
